# platform: linux-64
# env_hash: fc79e40be15c1f23c58a5079cff251d0dbc0573fa7f393d46063168472562533
@EXPLICIT
https://conda.anaconda.org/conda-forge/linux-64/_libgcc_mutex-0.1-conda_forge.tar.bz2#d7c89558ba9fa0495403155b64376d81
https://conda.anaconda.org/conda-forge/linux-64/ca-certificates-2020.12.5-ha878542_0.tar.bz2#7eb5d4ffeee663caa1635cd67071bc1b
https://conda.anaconda.org/conda-forge/linux-64/ld_impl_linux-64-2.35.1-hea4e1c9_1.tar.bz2#cdabe198d509eeae33a9fc8741d7841d
https://conda.anaconda.org/conda-forge/linux-64/libstdcxx-ng-9.3.0-h2ae2ef3_17.tar.bz2#342f3c931d0a3a209ab09a522469d20c
https://conda.anaconda.org/conda-forge/linux-64/libgomp-9.3.0-h5dbcf3e_17.tar.bz2#8fd587013b9da8b52050268d50c12305
https://conda.anaconda.org/conda-forge/linux-64/_openmp_mutex-4.5-1_gnu.tar.bz2#561e277319a41d4f24f5c05a9ef63c04
https://conda.anaconda.org/conda-forge/linux-64/libgcc-ng-9.3.0-h5dbcf3e_17.tar.bz2#fc9f5adabc4d55cd4b491332adc413e0
https://conda.anaconda.org/conda-forge/linux-64/libffi-3.3-h58526e2_2.tar.bz2#665369991d8dd290ac5ee92fce3e6bf5
https://conda.anaconda.org/conda-forge/linux-64/ncurses-6.2-h58526e2_4.tar.bz2#509f2a21c4a09214cd737a480dfd80c9
https://conda.anaconda.org/conda-forge/linux-64/openssl-1.1.1i-h7f98852_0.tar.bz2#bc63956d32024c8e0853ff2ca7f2bf05
https://conda.anaconda.org/conda-forge/linux-64/xz-5.2.5-h516909a_1.tar.bz2#33f601066901f3e1a85af3522a8113f9
https://conda.anaconda.org/conda-forge/linux-64/zlib-1.2.11-h516909a_1010.tar.bz2#339cc5584e6d26bc73a875ba900028c3
https://conda.anaconda.org/conda-forge/linux-64/readline-8.0-he28a2e2_2.tar.bz2#4d0ae8d473f863696088f76800ef9d38
https://conda.anaconda.org/conda-forge/linux-64/tk-8.6.10-h21135ba_1.tar.bz2#c647f70aa7e3d4cc4e029cc1c9a99953
https://conda.anaconda.org/conda-forge/linux-64/sqlite-3.34.0-h74cdb3f_0.tar.bz2#0a83e21e8c1929cc9a1e21ebb2459fc5
https://conda.anaconda.org/conda-forge/linux-64/python-3.8.6-hffdb5ce_4_cpython.tar.bz2#e43784498e6c5983eb80ab00e7ba1c7c
https://conda.anaconda.org/conda-forge/noarch/asgiref-3.3.1-pyhd8ed1ab_0.tar.bz2#8d202820f2b56547ed8bd87eba37ba57
https://conda.anaconda.org/conda-forge/linux-64/python_abi-3.8-1_cp38.tar.bz2#8d05152d6fb3012b27a0e6fbcc14bea1
https://conda.anaconda.org/conda-forge/noarch/pytz-2020.5-pyhd8ed1ab_0.tar.bz2#9dbafab7fbbc1ef46a60858fb6320d8a
https://conda.anaconda.org/conda-forge/noarch/sqlparse-0.4.1-pyh9f0ad1d_0.tar.bz2#009a8c5d2c3a17b25bfe79edeb64e0f3
https://conda.anaconda.org/conda-forge/linux-64/certifi-2020.12.5-py38h578d9bd_1.tar.bz2#be470d89b0678991fd4ba67d4a35bc80
https://conda.anaconda.org/conda-forge/noarch/django-3.1.5-pyhd8ed1ab_0.tar.bz2#dc2e06a8d5823309963a83ddf20c1653
https://conda.anaconda.org/conda-forge/linux-64/setuptools-49.6.0-py38h578d9bd_3.tar.bz2#59c561cd1be0db9cf1c83f7d7cc74f4d
https://conda.anaconda.org/conda-forge/linux-64/gunicorn-20.0.4-py38h578d9bd_3.tar.bz2#396e0f8a8d7b334493eec755c412e680
